
Microsoft Visual Studio Solution File, Format Version 12.00
# Visual Studio Version 16
VisualStudioVersion = 16.0.31205.134
MinimumVisualStudioVersion = 10.0.40219.1
Project("{FAE04EC0-301F-11D3-BF4B-00C04F79EFBC}") = "cs471-project3", "cs471-project3\cs471-project3.csproj", "{11BE2285-DC07-41AF-8022-3E05553C5FE8}"
EndProject
Global
	GlobalSection(SolutionConfigurationPlatforms) = preSolution
		Debug|Any CPU = Debug|Any CPU
		Release|Any CPU = Release|Any CPU
	EndGlobalSection
	GlobalSection(ProjectConfigurationPlatforms) = postSolution
		{11BE2285-DC07-41AF-8022-3E05553C5FE8}.Debug|Any CPU.ActiveCfg = Debug|Any CPU
		{11BE2285-DC07-41AF-8022-3E05553C5FE8}.Debug|Any CPU.Build.0 = Debug|Any CPU
		{11BE2285-DC07-41AF-8022-3E05553C5FE8}.Release|Any CPU.ActiveCfg = Release|Any CPU
		{11BE2285-DC07-41AF-8022-3E05553C5FE8}.Release|Any CPU.Build.0 = Release|Any CPU
	EndGlobalSection
	GlobalSection(SolutionProperties) = preSolution
		HideSolutionNode = FALSE
	EndGlobalSection
	GlobalSection(ExtensibilityGlobals) = postSolution
		SolutionGuid = {2F446B94-51C4-4560-88E5-BA0F2F211B0A}
	EndGlobalSection
EndGlobal
